
Microsoft Visual Studio Solution File, Format Version 12.00
# Visual Studio Version 16
VisualStudioVersion = 16.0.29306.81
MinimumVisualStudioVersion = 10.0.40219.1
Project("{FAE04EC0-301F-11D3-BF4B-00C04F79EFBC}") = "boot-run", "boot-run\boot-run.csproj", "{849C8707-63B2-423E-8CBA-D5EB1372AB23}"
EndProject
Global
	GlobalSection(SolutionConfigurationPlatforms) = preSolution
		Debug|Any CPU = Debug|Any CPU
		Release|Any CPU = Release|Any CPU
	EndGlobalSection
	GlobalSection(ProjectConfigurationPlatforms) = postSolution
		{849C8707-63B2-423E-8CBA-D5EB1372AB23}.Debug|Any CPU.ActiveCfg = Debug|Any CPU
		{849C8707-63B2-423E-8CBA-D5EB1372AB23}.Debug|Any CPU.Build.0 = Debug|Any CPU
		{849C8707-63B2-423E-8CBA-D5EB1372AB23}.Release|Any CPU.ActiveCfg = Release|Any CPU
		{849C8707-63B2-423E-8CBA-D5EB1372AB23}.Release|Any CPU.Build.0 = Release|Any CPU
	EndGlobalSection
	GlobalSection(SolutionProperties) = preSolution
		HideSolutionNode = FALSE
	EndGlobalSection
	GlobalSection(ExtensibilityGlobals) = postSolution
		SolutionGuid = {A64BF153-25AB-4741-BA3F-F4E6D6C9975E}
	EndGlobalSection
EndGlobal
